
Microsoft Visual Studio Solution File, Format Version 12.00
# Visual Studio Version 17
VisualStudioVersion = 17.4.33205.214
MinimumVisualStudioVersion = 10.0.40219.1
Project("{9A19103F-16F7-4668-BE54-9A1E7A4F7556}") = "AllergyApiTest", "AllergyApiTest\AllergyApiTest.csproj", "{72F68F7B-4799-4E95-A0F1-216FD1CCFE40}"
EndProject
Project("{9A19103F-16F7-4668-BE54-9A1E7A4F7556}") = "AllergyServiceApi", "AllergyServiceApi\AllergyServiceApi.csproj", "{7A350C5F-1806-45DC-8043-4E379C3E287A}"
EndProject
Project("{9A19103F-16F7-4668-BE54-9A1E7A4F7556}") = "ASBusinessLogic", "ASBusinessLogic\ASBusinessLogic.csproj", "{BB92AF02-FE93-4706-9371-04955178DFC1}"
EndProject
Project("{9A19103F-16F7-4668-BE54-9A1E7A4F7556}") = "ASDataFluentApi", "ASDataFluentApi\ASDataFluentApi.csproj", "{D7CBA9D2-7CB7-46E4-BCCE-5EE64E9C7410}"
EndProject
Project("{9A19103F-16F7-4668-BE54-9A1E7A4F7556}") = "ASModels", "ASModels\ASModels.csproj", "{913A2330-9CCB-423F-A657-1E807B60CE28}"
EndProject
Global
	GlobalSection(SolutionConfigurationPlatforms) = preSolution
		Debug|Any CPU = Debug|Any CPU
		Release|Any CPU = Release|Any CPU
	EndGlobalSection
	GlobalSection(ProjectConfigurationPlatforms) = postSolution
		{72F68F7B-4799-4E95-A0F1-216FD1CCFE40}.Debug|Any CPU.ActiveCfg = Debug|Any CPU
		{72F68F7B-4799-4E95-A0F1-216FD1CCFE40}.Debug|Any CPU.Build.0 = Debug|Any CPU
		{72F68F7B-4799-4E95-A0F1-216FD1CCFE40}.Release|Any CPU.ActiveCfg = Release|Any CPU
		{72F68F7B-4799-4E95-A0F1-216FD1CCFE40}.Release|Any CPU.Build.0 = Release|Any CPU
		{7A350C5F-1806-45DC-8043-4E379C3E287A}.Debug|Any CPU.ActiveCfg = Debug|Any CPU
		{7A350C5F-1806-45DC-8043-4E379C3E287A}.Debug|Any CPU.Build.0 = Debug|Any CPU
		{7A350C5F-1806-45DC-8043-4E379C3E287A}.Release|Any CPU.ActiveCfg = Release|Any CPU
		{7A350C5F-1806-45DC-8043-4E379C3E287A}.Release|Any CPU.Build.0 = Release|Any CPU
		{BB92AF02-FE93-4706-9371-04955178DFC1}.Debug|Any CPU.ActiveCfg = Debug|Any CPU
		{BB92AF02-FE93-4706-9371-04955178DFC1}.Debug|Any CPU.Build.0 = Debug|Any CPU
		{BB92AF02-FE93-4706-9371-04955178DFC1}.Release|Any CPU.ActiveCfg = Release|Any CPU
		{BB92AF02-FE93-4706-9371-04955178DFC1}.Release|Any CPU.Build.0 = Release|Any CPU
		{D7CBA9D2-7CB7-46E4-BCCE-5EE64E9C7410}.Debug|Any CPU.ActiveCfg = Debug|Any CPU
		{D7CBA9D2-7CB7-46E4-BCCE-5EE64E9C7410}.Debug|Any CPU.Build.0 = Debug|Any CPU
		{D7CBA9D2-7CB7-46E4-BCCE-5EE64E9C7410}.Release|Any CPU.ActiveCfg = Release|Any CPU
		{D7CBA9D2-7CB7-46E4-BCCE-5EE64E9C7410}.Release|Any CPU.Build.0 = Release|Any CPU
		{913A2330-9CCB-423F-A657-1E807B60CE28}.Debug|Any CPU.ActiveCfg = Debug|Any CPU
		{913A2330-9CCB-423F-A657-1E807B60CE28}.Debug|Any CPU.Build.0 = Debug|Any CPU
		{913A2330-9CCB-423F-A657-1E807B60CE28}.Release|Any CPU.ActiveCfg = Release|Any CPU
		{913A2330-9CCB-423F-A657-1E807B60CE28}.Release|Any CPU.Build.0 = Release|Any CPU
	EndGlobalSection
	GlobalSection(SolutionProperties) = preSolution
		HideSolutionNode = FALSE
	EndGlobalSection
	GlobalSection(ExtensibilityGlobals) = postSolution
		SolutionGuid = {CD31BD93-A5E6-4F9A-A73A-D22C4CA8FF0D}
	EndGlobalSection
EndGlobal
